
Microsoft Visual Studio Solution File, Format Version 12.00
# Visual Studio 15
VisualStudioVersion = 15.0.28307.421
MinimumVisualStudioVersion = 10.0.40219.1
Project("{FAE04EC0-301F-11D3-BF4B-00C04F79EFBC}") = "SQL_Country", "SQL_Country\SQL_Country.csproj", "{49E4F0E2-0C00-44B8-B2CC-9F70DDDC4110}"
EndProject
Global
	GlobalSection(SolutionConfigurationPlatforms) = preSolution
		Debug|Any CPU = Debug|Any CPU
		Release|Any CPU = Release|Any CPU
	EndGlobalSection
	GlobalSection(ProjectConfigurationPlatforms) = postSolution
		{49E4F0E2-0C00-44B8-B2CC-9F70DDDC4110}.Debug|Any CPU.ActiveCfg = Debug|Any CPU
		{49E4F0E2-0C00-44B8-B2CC-9F70DDDC4110}.Debug|Any CPU.Build.0 = Debug|Any CPU
		{49E4F0E2-0C00-44B8-B2CC-9F70DDDC4110}.Release|Any CPU.ActiveCfg = Release|Any CPU
		{49E4F0E2-0C00-44B8-B2CC-9F70DDDC4110}.Release|Any CPU.Build.0 = Release|Any CPU
	EndGlobalSection
	GlobalSection(SolutionProperties) = preSolution
		HideSolutionNode = FALSE
	EndGlobalSection
	GlobalSection(ExtensibilityGlobals) = postSolution
		SolutionGuid = {AF1F8C5E-5B28-4BCD-A2C0-55AD0E3D4220}
	EndGlobalSection
EndGlobal
